
Microsoft Visual Studio Solution File, Format Version 12.00
# Visual Studio Version 17
VisualStudioVersion = 17.6.33815.320
MinimumVisualStudioVersion = 10.0.40219.1
Project("{FAE04EC0-301F-11D3-BF4B-00C04F79EFBC}") = "ToDo.Client", "ToDo.Client\ToDo.Client.csproj", "{94E62261-3899-4F0D-AB14-FD84B8E19170}"
EndProject
Global
	GlobalSection(SolutionConfigurationPlatforms) = preSolution
		Debug|Any CPU = Debug|Any CPU
		Release|Any CPU = Release|Any CPU
	EndGlobalSection
	GlobalSection(ProjectConfigurationPlatforms) = postSolution
		{94E62261-3899-4F0D-AB14-FD84B8E19170}.Debug|Any CPU.ActiveCfg = Debug|Any CPU
		{94E62261-3899-4F0D-AB14-FD84B8E19170}.Debug|Any CPU.Build.0 = Debug|Any CPU
		{94E62261-3899-4F0D-AB14-FD84B8E19170}.Release|Any CPU.ActiveCfg = Release|Any CPU
		{94E62261-3899-4F0D-AB14-FD84B8E19170}.Release|Any CPU.Build.0 = Release|Any CPU
	EndGlobalSection
	GlobalSection(SolutionProperties) = preSolution
		HideSolutionNode = FALSE
	EndGlobalSection
	GlobalSection(ExtensibilityGlobals) = postSolution
		SolutionGuid = {50A3561D-1027-45F4-8FDF-CF798DF3494E}
	EndGlobalSection
EndGlobal
